
Microsoft Visual Studio Solution File, Format Version 12.00
# Visual Studio Version 17
VisualStudioVersion = 17.12.35728.132
MinimumVisualStudioVersion = 10.0.40219.1
Project("{FAE04EC0-301F-11D3-BF4B-00C04F79EFBC}") = "SwitchCaseAdvanced", "SwitchCaseAdvanced\SwitchCaseAdvanced.csproj", "{B6102E70-7F0A-49A9-B742-3D38DB88FEA9}"
EndProject
Project("{FAE04EC0-301F-11D3-BF4B-00C04F79EFBC}") = "Expression", "Expression\Expression.csproj", "{B36B77B5-710D-4C57-84D6-D41A3F8C8E66}"
EndProject
Project("{FAE04EC0-301F-11D3-BF4B-00C04F79EFBC}") = "Reflection", "Reflection\Reflection.csproj", "{A49D326A-F629-4C99-B5E5-25DF2BA2F976}"
EndProject
Project("{FAE04EC0-301F-11D3-BF4B-00C04F79EFBC}") = "Indexers", "Indexers\Indexers.csproj", "{7E9C05A7-0FDA-4DB7-942A-2F61D3F2BEFC}"
EndProject
Project("{FAE04EC0-301F-11D3-BF4B-00C04F79EFBC}") = "ExtensionMethod", "ExtensionMethod\ExtensionMethod.csproj", "{E7B14483-3C0E-4396-8AC1-C9C79B315276}"
EndProject
Project("{FAE04EC0-301F-11D3-BF4B-00C04F79EFBC}") = "Records", "Records\Records.csproj", "{5676639C-E8AA-44CA-93DD-045888124C09}"
EndProject
Project("{FAE04EC0-301F-11D3-BF4B-00C04F79EFBC}") = "ReverseIndexing", "ReverseIndexing\ReverseIndexing.csproj", "{47ECA567-C29C-4806-9E2A-68CDB9F60826}"
EndProject
Project("{FAE04EC0-301F-11D3-BF4B-00C04F79EFBC}") = "Threading", "Threading\Threading.csproj", "{F8616C8C-FAB4-4136-87EF-7D663CF5B41C}"
EndProject
Project("{FAE04EC0-301F-11D3-BF4B-00C04F79EFBC}") = "ExceptionHandling", "ExceptionHandling\ExceptionHandling.csproj", "{0998FB33-D16B-4D76-AD2B-93C6171A13FB}"
EndProject
Project("{FAE04EC0-301F-11D3-BF4B-00C04F79EFBC}") = "Delegate", "Delegate\Delegate.csproj", "{585C47B6-966F-46A1-A358-871EE90F7789}"
EndProject
Project("{FAE04EC0-301F-11D3-BF4B-00C04F79EFBC}") = "FuncAction", "FuncAction\FuncAction.csproj", "{66781DDE-D7BC-4A12-8145-F139C54E731A}"
EndProject
Project("{FAE04EC0-301F-11D3-BF4B-00C04F79EFBC}") = "Event", "Event\Event.csproj", "{DB99EE68-B1CF-481F-872B-000D965CBEA2}"
EndProject
Project("{FAE04EC0-301F-11D3-BF4B-00C04F79EFBC}") = "Linq", "Linq\Linq.csproj", "{B98DFB14-B675-4F87-B2B3-DEC4A04BCB06}"
EndProject
Project("{FAE04EC0-301F-11D3-BF4B-00C04F79EFBC}") = "ImportantInterface", "ImportantInterface\ImportantInterface.csproj", "{FF1238A5-0653-4CAA-9433-53CF6EDE5332}"
EndProject
Project("{FAE04EC0-301F-11D3-BF4B-00C04F79EFBC}") = "OOPPrinciples", "OOPPrinciples\OOPPrinciples.csproj", "{14762673-7180-4BF9-A9DF-6C9385F1482C}"
EndProject
Project("{FAE04EC0-301F-11D3-BF4B-00C04F79EFBC}") = "SolidPrincipleExample", "SolidPrincipleExample\SolidPrincipleExample.csproj", "{CB08A7B2-C491-4181-B43C-A2B36FF4BEF1}"
EndProject
Project("{FAE04EC0-301F-11D3-BF4B-00C04F79EFBC}") = "ArrayExamples", "DataTypesAndArray\ArrayExamples.csproj", "{684FDCAA-B366-46A6-A075-B83FCDFEFA45}"
EndProject
Project("{FAE04EC0-301F-11D3-BF4B-00C04F79EFBC}") = "Operator", "Operator\Operator.csproj", "{7885CB64-D4AE-4FEB-B8BC-A143E09D606B}"
EndProject
Project("{FAE04EC0-301F-11D3-BF4B-00C04F79EFBC}") = "Debugging", "Debugging\Debugging.csproj", "{5D7DBEB4-76BA-452B-A710-AE001A5FA3C9}"
EndProject
Project("{FAE04EC0-301F-11D3-BF4B-00C04F79EFBC}") = "InputOurput", "InputOurput\InputOurput.csproj", "{E3E564D4-7E7B-4B33-8315-75F894818324}"
EndProject
Project("{FAE04EC0-301F-11D3-BF4B-00C04F79EFBC}") = "Class Example", "Class Example\Class Example.csproj", "{32BEA487-D27C-4EAD-95BE-8022E9669D5A}"
EndProject
Project("{FAE04EC0-301F-11D3-BF4B-00C04F79EFBC}") = "InheritanceFeature", "InheritanceFeature\InheritanceFeature.csproj", "{55DFE49B-368B-4A49-A1B4-A23074B5EE9B}"
EndProject
Project("{FAE04EC0-301F-11D3-BF4B-00C04F79EFBC}") = "AbstractClass", "AbstractClass\AbstractClass.csproj", "{40B04329-4201-4406-90E9-DFE107A04920}"
EndProject
Project("{FAE04EC0-301F-11D3-BF4B-00C04F79EFBC}") = "StaticExample", "StaticExample\StaticExample.csproj", "{7A2D5C8B-584E-44C7-9E11-50F9DEBF8F3D}"
EndProject
Project("{FAE04EC0-301F-11D3-BF4B-00C04F79EFBC}") = "Interface", "Interface\Interface.csproj", "{85FAB659-D56F-4257-A246-41CA3ED5F9B9}"
EndProject
Project("{FAE04EC0-301F-11D3-BF4B-00C04F79EFBC}") = "ShealedExample", "ShealedExample\ShealedExample.csproj", "{E158EF23-7C68-4F92-89CF-4097C1267D10}"
EndProject
Project("{FAE04EC0-301F-11D3-BF4B-00C04F79EFBC}") = "PartialClass", "PartialClass\PartialClass.csproj", "{DA6EF91E-AD5C-47C8-B8A8-D7CE2BB62060}"
EndProject
Project("{FAE04EC0-301F-11D3-BF4B-00C04F79EFBC}") = "NewKeyWord", "NewKeyWord\NewKeyWord.csproj", "{23CCDC16-7F7E-4A67-9E9C-FC708A7BE748}"
EndProject
Project("{FAE04EC0-301F-11D3-BF4B-00C04F79EFBC}") = "StructureExample", "StructureExample\StructureExample.csproj", "{23DDB2C5-FCE7-4930-A251-68996EB2A995}"
EndProject
Project("{FAE04EC0-301F-11D3-BF4B-00C04F79EFBC}") = "EnumExample", "EnumExample\EnumExample.csproj", "{AD7B24FE-1FBF-48C8-82AD-287C937D5CF1}"
EndProject
Project("{FAE04EC0-301F-11D3-BF4B-00C04F79EFBC}") = "DateTimeExample", "DateTimeExample\DateTimeExample.csproj", "{B3EAE05C-40BC-4B49-BE99-69EAEBFC9D8E}"
EndProject
Project("{FAE04EC0-301F-11D3-BF4B-00C04F79EFBC}") = "StringBuilder", "StringBuilder\StringBuilder.csproj", "{23B9B3CB-964F-41B9-908F-C3D81B29E2FC}"
EndProject
Project("{FAE04EC0-301F-11D3-BF4B-00C04F79EFBC}") = "ParamiterModifier", "ParamiterModifier\ParamiterModifier.csproj", "{C7DAF8A8-4E1F-45DC-818E-FEE37204A576}"
EndProject
Project("{FAE04EC0-301F-11D3-BF4B-00C04F79EFBC}") = "ToupleExample", "ToupleExample\ToupleExample.csproj", "{777CA6DF-E28F-4EC9-AA8C-DAE1243FA0F9}"
EndProject
Project("{FAE04EC0-301F-11D3-BF4B-00C04F79EFBC}") = "AnnonymousObjectExample", "AnnonymousObjectExample\AnnonymousObjectExample.csproj", "{D12EAE67-E73D-4EF6-81BA-2D3C28255C4C}"
EndProject
Project("{FAE04EC0-301F-11D3-BF4B-00C04F79EFBC}") = "NullableType", "NullableType\NullableType.csproj", "{1A597480-D8D1-4CCE-9480-CB8D7BAF2FD8}"
EndProject
Project("{FAE04EC0-301F-11D3-BF4B-00C04F79EFBC}") = "Generics", "Generics\Generics.csproj", "{26AAF58F-AE92-4F38-BE6B-E6570E259988}"
EndProject
Project("{FAE04EC0-301F-11D3-BF4B-00C04F79EFBC}") = "BuiltInGenericTypes", "BuiltInGenericTypes\BuiltInGenericTypes.csproj", "{4075FC2D-0A26-4FE0-A7C1-0F2C8F2D13AA}"
EndProject
Project("{FAE04EC0-301F-11D3-BF4B-00C04F79EFBC}") = "ExtensionMethodExample", "ExtensionMethodExample\ExtensionMethodExample.csproj", "{B537316A-AE01-4C4E-9B06-EB12A8D25932}"
EndProject
Project("{FAE04EC0-301F-11D3-BF4B-00C04F79EFBC}") = "ClassLibraryForExtensionMethod", "ClassLibraryForExtensionMethod\ClassLibraryForExtensionMethod.csproj", "{2F53B0A7-9C48-45B8-A871-EECCF6D14772}"
EndProject
Global
	GlobalSection(SolutionConfigurationPlatforms) = preSolution
		Debug|Any CPU = Debug|Any CPU
		Release|Any CPU = Release|Any CPU
	EndGlobalSection
	GlobalSection(ProjectConfigurationPlatforms) = postSolution
		{B6102E70-7F0A-49A9-B742-3D38DB88FEA9}.Debug|Any CPU.ActiveCfg = Debug|Any CPU
		{B6102E70-7F0A-49A9-B742-3D38DB88FEA9}.Debug|Any CPU.Build.0 = Debug|Any CPU
		{B6102E70-7F0A-49A9-B742-3D38DB88FEA9}.Release|Any CPU.ActiveCfg = Release|Any CPU
		{B6102E70-7F0A-49A9-B742-3D38DB88FEA9}.Release|Any CPU.Build.0 = Release|Any CPU
		{B36B77B5-710D-4C57-84D6-D41A3F8C8E66}.Debug|Any CPU.ActiveCfg = Debug|Any CPU
		{B36B77B5-710D-4C57-84D6-D41A3F8C8E66}.Debug|Any CPU.Build.0 = Debug|Any CPU
		{B36B77B5-710D-4C57-84D6-D41A3F8C8E66}.Release|Any CPU.ActiveCfg = Release|Any CPU
		{B36B77B5-710D-4C57-84D6-D41A3F8C8E66}.Release|Any CPU.Build.0 = Release|Any CPU
		{A49D326A-F629-4C99-B5E5-25DF2BA2F976}.Debug|Any CPU.ActiveCfg = Debug|Any CPU
		{A49D326A-F629-4C99-B5E5-25DF2BA2F976}.Debug|Any CPU.Build.0 = Debug|Any CPU
		{A49D326A-F629-4C99-B5E5-25DF2BA2F976}.Release|Any CPU.ActiveCfg = Release|Any CPU
		{A49D326A-F629-4C99-B5E5-25DF2BA2F976}.Release|Any CPU.Build.0 = Release|Any CPU
		{7E9C05A7-0FDA-4DB7-942A-2F61D3F2BEFC}.Debug|Any CPU.ActiveCfg = Debug|Any CPU
		{7E9C05A7-0FDA-4DB7-942A-2F61D3F2BEFC}.Debug|Any CPU.Build.0 = Debug|Any CPU
		{7E9C05A7-0FDA-4DB7-942A-2F61D3F2BEFC}.Release|Any CPU.ActiveCfg = Release|Any CPU
		{7E9C05A7-0FDA-4DB7-942A-2F61D3F2BEFC}.Release|Any CPU.Build.0 = Release|Any CPU
		{E7B14483-3C0E-4396-8AC1-C9C79B315276}.Debug|Any CPU.ActiveCfg = Debug|Any CPU
		{E7B14483-3C0E-4396-8AC1-C9C79B315276}.Debug|Any CPU.Build.0 = Debug|Any CPU
		{E7B14483-3C0E-4396-8AC1-C9C79B315276}.Release|Any CPU.ActiveCfg = Release|Any CPU
		{E7B14483-3C0E-4396-8AC1-C9C79B315276}.Release|Any CPU.Build.0 = Release|Any CPU
		{5676639C-E8AA-44CA-93DD-045888124C09}.Debug|Any CPU.ActiveCfg = Debug|Any CPU
		{5676639C-E8AA-44CA-93DD-045888124C09}.Debug|Any CPU.Build.0 = Debug|Any CPU
		{5676639C-E8AA-44CA-93DD-045888124C09}.Release|Any CPU.ActiveCfg = Release|Any CPU
		{5676639C-E8AA-44CA-93DD-045888124C09}.Release|Any CPU.Build.0 = Release|Any CPU
		{47ECA567-C29C-4806-9E2A-68CDB9F60826}.Debug|Any CPU.ActiveCfg = Debug|Any CPU
		{47ECA567-C29C-4806-9E2A-68CDB9F60826}.Debug|Any CPU.Build.0 = Debug|Any CPU
		{47ECA567-C29C-4806-9E2A-68CDB9F60826}.Release|Any CPU.ActiveCfg = Release|Any CPU
		{47ECA567-C29C-4806-9E2A-68CDB9F60826}.Release|Any CPU.Build.0 = Release|Any CPU
		{F8616C8C-FAB4-4136-87EF-7D663CF5B41C}.Debug|Any CPU.ActiveCfg = Debug|Any CPU
		{F8616C8C-FAB4-4136-87EF-7D663CF5B41C}.Debug|Any CPU.Build.0 = Debug|Any CPU
		{F8616C8C-FAB4-4136-87EF-7D663CF5B41C}.Release|Any CPU.ActiveCfg = Release|Any CPU
		{F8616C8C-FAB4-4136-87EF-7D663CF5B41C}.Release|Any CPU.Build.0 = Release|Any CPU
		{0998FB33-D16B-4D76-AD2B-93C6171A13FB}.Debug|Any CPU.ActiveCfg = Debug|Any CPU
		{0998FB33-D16B-4D76-AD2B-93C6171A13FB}.Debug|Any CPU.Build.0 = Debug|Any CPU
		{0998FB33-D16B-4D76-AD2B-93C6171A13FB}.Release|Any CPU.ActiveCfg = Release|Any CPU
		{0998FB33-D16B-4D76-AD2B-93C6171A13FB}.Release|Any CPU.Build.0 = Release|Any CPU
		{585C47B6-966F-46A1-A358-871EE90F7789}.Debug|Any CPU.ActiveCfg = Debug|Any CPU
		{585C47B6-966F-46A1-A358-871EE90F7789}.Debug|Any CPU.Build.0 = Debug|Any CPU
		{585C47B6-966F-46A1-A358-871EE90F7789}.Release|Any CPU.ActiveCfg = Release|Any CPU
		{585C47B6-966F-46A1-A358-871EE90F7789}.Release|Any CPU.Build.0 = Release|Any CPU
		{66781DDE-D7BC-4A12-8145-F139C54E731A}.Debug|Any CPU.ActiveCfg = Debug|Any CPU
		{66781DDE-D7BC-4A12-8145-F139C54E731A}.Debug|Any CPU.Build.0 = Debug|Any CPU
		{66781DDE-D7BC-4A12-8145-F139C54E731A}.Release|Any CPU.ActiveCfg = Release|Any CPU
		{66781DDE-D7BC-4A12-8145-F139C54E731A}.Release|Any CPU.Build.0 = Release|Any CPU
		{DB99EE68-B1CF-481F-872B-000D965CBEA2}.Debug|Any CPU.ActiveCfg = Debug|Any CPU
		{DB99EE68-B1CF-481F-872B-000D965CBEA2}.Debug|Any CPU.Build.0 = Debug|Any CPU
		{DB99EE68-B1CF-481F-872B-000D965CBEA2}.Release|Any CPU.ActiveCfg = Release|Any CPU
		{DB99EE68-B1CF-481F-872B-000D965CBEA2}.Release|Any CPU.Build.0 = Release|Any CPU
		{B98DFB14-B675-4F87-B2B3-DEC4A04BCB06}.Debug|Any CPU.ActiveCfg = Debug|Any CPU
		{B98DFB14-B675-4F87-B2B3-DEC4A04BCB06}.Debug|Any CPU.Build.0 = Debug|Any CPU
		{B98DFB14-B675-4F87-B2B3-DEC4A04BCB06}.Release|Any CPU.ActiveCfg = Release|Any CPU
		{B98DFB14-B675-4F87-B2B3-DEC4A04BCB06}.Release|Any CPU.Build.0 = Release|Any CPU
		{FF1238A5-0653-4CAA-9433-53CF6EDE5332}.Debug|Any CPU.ActiveCfg = Debug|Any CPU
		{FF1238A5-0653-4CAA-9433-53CF6EDE5332}.Debug|Any CPU.Build.0 = Debug|Any CPU
		{FF1238A5-0653-4CAA-9433-53CF6EDE5332}.Release|Any CPU.ActiveCfg = Release|Any CPU
		{FF1238A5-0653-4CAA-9433-53CF6EDE5332}.Release|Any CPU.Build.0 = Release|Any CPU
		{14762673-7180-4BF9-A9DF-6C9385F1482C}.Debug|Any CPU.ActiveCfg = Debug|Any CPU
		{14762673-7180-4BF9-A9DF-6C9385F1482C}.Debug|Any CPU.Build.0 = Debug|Any CPU
		{14762673-7180-4BF9-A9DF-6C9385F1482C}.Release|Any CPU.ActiveCfg = Release|Any CPU
		{14762673-7180-4BF9-A9DF-6C9385F1482C}.Release|Any CPU.Build.0 = Release|Any CPU
		{CB08A7B2-C491-4181-B43C-A2B36FF4BEF1}.Debug|Any CPU.ActiveCfg = Debug|Any CPU
		{CB08A7B2-C491-4181-B43C-A2B36FF4BEF1}.Debug|Any CPU.Build.0 = Debug|Any CPU
		{CB08A7B2-C491-4181-B43C-A2B36FF4BEF1}.Release|Any CPU.ActiveCfg = Release|Any CPU
		{CB08A7B2-C491-4181-B43C-A2B36FF4BEF1}.Release|Any CPU.Build.0 = Release|Any CPU
		{684FDCAA-B366-46A6-A075-B83FCDFEFA45}.Debug|Any CPU.ActiveCfg = Debug|Any CPU
		{684FDCAA-B366-46A6-A075-B83FCDFEFA45}.Debug|Any CPU.Build.0 = Debug|Any CPU
		{684FDCAA-B366-46A6-A075-B83FCDFEFA45}.Release|Any CPU.ActiveCfg = Release|Any CPU
		{684FDCAA-B366-46A6-A075-B83FCDFEFA45}.Release|Any CPU.Build.0 = Release|Any CPU
		{7885CB64-D4AE-4FEB-B8BC-A143E09D606B}.Debug|Any CPU.ActiveCfg = Debug|Any CPU
		{7885CB64-D4AE-4FEB-B8BC-A143E09D606B}.Debug|Any CPU.Build.0 = Debug|Any CPU
		{7885CB64-D4AE-4FEB-B8BC-A143E09D606B}.Release|Any CPU.ActiveCfg = Release|Any CPU
		{7885CB64-D4AE-4FEB-B8BC-A143E09D606B}.Release|Any CPU.Build.0 = Release|Any CPU
		{5D7DBEB4-76BA-452B-A710-AE001A5FA3C9}.Debug|Any CPU.ActiveCfg = Debug|Any CPU
		{5D7DBEB4-76BA-452B-A710-AE001A5FA3C9}.Debug|Any CPU.Build.0 = Debug|Any CPU
		{5D7DBEB4-76BA-452B-A710-AE001A5FA3C9}.Release|Any CPU.ActiveCfg = Release|Any CPU
		{5D7DBEB4-76BA-452B-A710-AE001A5FA3C9}.Release|Any CPU.Build.0 = Release|Any CPU
		{E3E564D4-7E7B-4B33-8315-75F894818324}.Debug|Any CPU.ActiveCfg = Debug|Any CPU
		{E3E564D4-7E7B-4B33-8315-75F894818324}.Debug|Any CPU.Build.0 = Debug|Any CPU
		{E3E564D4-7E7B-4B33-8315-75F894818324}.Release|Any CPU.ActiveCfg = Release|Any CPU
		{E3E564D4-7E7B-4B33-8315-75F894818324}.Release|Any CPU.Build.0 = Release|Any CPU
		{32BEA487-D27C-4EAD-95BE-8022E9669D5A}.Debug|Any CPU.ActiveCfg = Debug|Any CPU
		{32BEA487-D27C-4EAD-95BE-8022E9669D5A}.Debug|Any CPU.Build.0 = Debug|Any CPU
		{32BEA487-D27C-4EAD-95BE-8022E9669D5A}.Release|Any CPU.ActiveCfg = Release|Any CPU
		{32BEA487-D27C-4EAD-95BE-8022E9669D5A}.Release|Any CPU.Build.0 = Release|Any CPU
		{55DFE49B-368B-4A49-A1B4-A23074B5EE9B}.Debug|Any CPU.ActiveCfg = Debug|Any CPU
		{55DFE49B-368B-4A49-A1B4-A23074B5EE9B}.Debug|Any CPU.Build.0 = Debug|Any CPU
		{55DFE49B-368B-4A49-A1B4-A23074B5EE9B}.Release|Any CPU.ActiveCfg = Release|Any CPU
		{55DFE49B-368B-4A49-A1B4-A23074B5EE9B}.Release|Any CPU.Build.0 = Release|Any CPU
		{40B04329-4201-4406-90E9-DFE107A04920}.Debug|Any CPU.ActiveCfg = Debug|Any CPU
		{40B04329-4201-4406-90E9-DFE107A04920}.Debug|Any CPU.Build.0 = Debug|Any CPU
		{40B04329-4201-4406-90E9-DFE107A04920}.Release|Any CPU.ActiveCfg = Release|Any CPU
		{40B04329-4201-4406-90E9-DFE107A04920}.Release|Any CPU.Build.0 = Release|Any CPU
		{7A2D5C8B-584E-44C7-9E11-50F9DEBF8F3D}.Debug|Any CPU.ActiveCfg = Debug|Any CPU
		{7A2D5C8B-584E-44C7-9E11-50F9DEBF8F3D}.Debug|Any CPU.Build.0 = Debug|Any CPU
		{7A2D5C8B-584E-44C7-9E11-50F9DEBF8F3D}.Release|Any CPU.ActiveCfg = Release|Any CPU
		{7A2D5C8B-584E-44C7-9E11-50F9DEBF8F3D}.Release|Any CPU.Build.0 = Release|Any CPU
		{85FAB659-D56F-4257-A246-41CA3ED5F9B9}.Debug|Any CPU.ActiveCfg = Debug|Any CPU
		{85FAB659-D56F-4257-A246-41CA3ED5F9B9}.Debug|Any CPU.Build.0 = Debug|Any CPU
		{85FAB659-D56F-4257-A246-41CA3ED5F9B9}.Release|Any CPU.ActiveCfg = Release|Any CPU
		{85FAB659-D56F-4257-A246-41CA3ED5F9B9}.Release|Any CPU.Build.0 = Release|Any CPU
		{E158EF23-7C68-4F92-89CF-4097C1267D10}.Debug|Any CPU.ActiveCfg = Debug|Any CPU
		{E158EF23-7C68-4F92-89CF-4097C1267D10}.Debug|Any CPU.Build.0 = Debug|Any CPU
		{E158EF23-7C68-4F92-89CF-4097C1267D10}.Release|Any CPU.ActiveCfg = Release|Any CPU
		{E158EF23-7C68-4F92-89CF-4097C1267D10}.Release|Any CPU.Build.0 = Release|Any CPU
		{DA6EF91E-AD5C-47C8-B8A8-D7CE2BB62060}.Debug|Any CPU.ActiveCfg = Debug|Any CPU
		{DA6EF91E-AD5C-47C8-B8A8-D7CE2BB62060}.Debug|Any CPU.Build.0 = Debug|Any CPU
		{DA6EF91E-AD5C-47C8-B8A8-D7CE2BB62060}.Release|Any CPU.ActiveCfg = Release|Any CPU
		{DA6EF91E-AD5C-47C8-B8A8-D7CE2BB62060}.Release|Any CPU.Build.0 = Release|Any CPU
		{23CCDC16-7F7E-4A67-9E9C-FC708A7BE748}.Debug|Any CPU.ActiveCfg = Debug|Any CPU
		{23CCDC16-7F7E-4A67-9E9C-FC708A7BE748}.Debug|Any CPU.Build.0 = Debug|Any CPU
		{23CCDC16-7F7E-4A67-9E9C-FC708A7BE748}.Release|Any CPU.ActiveCfg = Release|Any CPU
		{23CCDC16-7F7E-4A67-9E9C-FC708A7BE748}.Release|Any CPU.Build.0 = Release|Any CPU
		{23DDB2C5-FCE7-4930-A251-68996EB2A995}.Debug|Any CPU.ActiveCfg = Debug|Any CPU
		{23DDB2C5-FCE7-4930-A251-68996EB2A995}.Debug|Any CPU.Build.0 = Debug|Any CPU
		{23DDB2C5-FCE7-4930-A251-68996EB2A995}.Release|Any CPU.ActiveCfg = Release|Any CPU
		{23DDB2C5-FCE7-4930-A251-68996EB2A995}.Release|Any CPU.Build.0 = Release|Any CPU
		{AD7B24FE-1FBF-48C8-82AD-287C937D5CF1}.Debug|Any CPU.ActiveCfg = Debug|Any CPU
		{AD7B24FE-1FBF-48C8-82AD-287C937D5CF1}.Debug|Any CPU.Build.0 = Debug|Any CPU
		{AD7B24FE-1FBF-48C8-82AD-287C937D5CF1}.Release|Any CPU.ActiveCfg = Release|Any CPU
		{AD7B24FE-1FBF-48C8-82AD-287C937D5CF1}.Release|Any CPU.Build.0 = Release|Any CPU
		{B3EAE05C-40BC-4B49-BE99-69EAEBFC9D8E}.Debug|Any CPU.ActiveCfg = Debug|Any CPU
		{B3EAE05C-40BC-4B49-BE99-69EAEBFC9D8E}.Debug|Any CPU.Build.0 = Debug|Any CPU
		{B3EAE05C-40BC-4B49-BE99-69EAEBFC9D8E}.Release|Any CPU.ActiveCfg = Release|Any CPU
		{B3EAE05C-40BC-4B49-BE99-69EAEBFC9D8E}.Release|Any CPU.Build.0 = Release|Any CPU
		{23B9B3CB-964F-41B9-908F-C3D81B29E2FC}.Debug|Any CPU.ActiveCfg = Debug|Any CPU
		{23B9B3CB-964F-41B9-908F-C3D81B29E2FC}.Debug|Any CPU.Build.0 = Debug|Any CPU
		{23B9B3CB-964F-41B9-908F-C3D81B29E2FC}.Release|Any CPU.ActiveCfg = Release|Any CPU
		{23B9B3CB-964F-41B9-908F-C3D81B29E2FC}.Release|Any CPU.Build.0 = Release|Any CPU
		{C7DAF8A8-4E1F-45DC-818E-FEE37204A576}.Debug|Any CPU.ActiveCfg = Debug|Any CPU
		{C7DAF8A8-4E1F-45DC-818E-FEE37204A576}.Debug|Any CPU.Build.0 = Debug|Any CPU
		{C7DAF8A8-4E1F-45DC-818E-FEE37204A576}.Release|Any CPU.ActiveCfg = Release|Any CPU
		{C7DAF8A8-4E1F-45DC-818E-FEE37204A576}.Release|Any CPU.Build.0 = Release|Any CPU
		{777CA6DF-E28F-4EC9-AA8C-DAE1243FA0F9}.Debug|Any CPU.ActiveCfg = Debug|Any CPU
		{777CA6DF-E28F-4EC9-AA8C-DAE1243FA0F9}.Debug|Any CPU.Build.0 = Debug|Any CPU
		{777CA6DF-E28F-4EC9-AA8C-DAE1243FA0F9}.Release|Any CPU.ActiveCfg = Release|Any CPU
		{777CA6DF-E28F-4EC9-AA8C-DAE1243FA0F9}.Release|Any CPU.Build.0 = Release|Any CPU
		{D12EAE67-E73D-4EF6-81BA-2D3C28255C4C}.Debug|Any CPU.ActiveCfg = Debug|Any CPU
		{D12EAE67-E73D-4EF6-81BA-2D3C28255C4C}.Debug|Any CPU.Build.0 = Debug|Any CPU
		{D12EAE67-E73D-4EF6-81BA-2D3C28255C4C}.Release|Any CPU.ActiveCfg = Release|Any CPU
		{D12EAE67-E73D-4EF6-81BA-2D3C28255C4C}.Release|Any CPU.Build.0 = Release|Any CPU
		{1A597480-D8D1-4CCE-9480-CB8D7BAF2FD8}.Debug|Any CPU.ActiveCfg = Debug|Any CPU
		{1A597480-D8D1-4CCE-9480-CB8D7BAF2FD8}.Debug|Any CPU.Build.0 = Debug|Any CPU
		{1A597480-D8D1-4CCE-9480-CB8D7BAF2FD8}.Release|Any CPU.ActiveCfg = Release|Any CPU
		{1A597480-D8D1-4CCE-9480-CB8D7BAF2FD8}.Release|Any CPU.Build.0 = Release|Any CPU
		{26AAF58F-AE92-4F38-BE6B-E6570E259988}.Debug|Any CPU.ActiveCfg = Debug|Any CPU
		{26AAF58F-AE92-4F38-BE6B-E6570E259988}.Debug|Any CPU.Build.0 = Debug|Any CPU
		{26AAF58F-AE92-4F38-BE6B-E6570E259988}.Release|Any CPU.ActiveCfg = Release|Any CPU
		{26AAF58F-AE92-4F38-BE6B-E6570E259988}.Release|Any CPU.Build.0 = Release|Any CPU
		{4075FC2D-0A26-4FE0-A7C1-0F2C8F2D13AA}.Debug|Any CPU.ActiveCfg = Debug|Any CPU
		{4075FC2D-0A26-4FE0-A7C1-0F2C8F2D13AA}.Debug|Any CPU.Build.0 = Debug|Any CPU
		{4075FC2D-0A26-4FE0-A7C1-0F2C8F2D13AA}.Release|Any CPU.ActiveCfg = Release|Any CPU
		{4075FC2D-0A26-4FE0-A7C1-0F2C8F2D13AA}.Release|Any CPU.Build.0 = Release|Any CPU
		{B537316A-AE01-4C4E-9B06-EB12A8D25932}.Debug|Any CPU.ActiveCfg = Debug|Any CPU
		{B537316A-AE01-4C4E-9B06-EB12A8D25932}.Debug|Any CPU.Build.0 = Debug|Any CPU
		{B537316A-AE01-4C4E-9B06-EB12A8D25932}.Release|Any CPU.ActiveCfg = Release|Any CPU
		{B537316A-AE01-4C4E-9B06-EB12A8D25932}.Release|Any CPU.Build.0 = Release|Any CPU
		{2F53B0A7-9C48-45B8-A871-EECCF6D14772}.Debug|Any CPU.ActiveCfg = Debug|Any CPU
		{2F53B0A7-9C48-45B8-A871-EECCF6D14772}.Debug|Any CPU.Build.0 = Debug|Any CPU
		{2F53B0A7-9C48-45B8-A871-EECCF6D14772}.Release|Any CPU.ActiveCfg = Release|Any CPU
		{2F53B0A7-9C48-45B8-A871-EECCF6D14772}.Release|Any CPU.Build.0 = Release|Any CPU
	EndGlobalSection
	GlobalSection(SolutionProperties) = preSolution
		HideSolutionNode = FALSE
	EndGlobalSection
	GlobalSection(ExtensibilityGlobals) = postSolution
		SolutionGuid = {242BCA30-82E0-4807-9BF8-B6A082D64082}
	EndGlobalSection
EndGlobal
