
Microsoft Visual Studio Solution File, Format Version 12.00
# Visual Studio Version 17
VisualStudioVersion = 17.12.35728.132
MinimumVisualStudioVersion = 10.0.40219.1
Project("{FAE04EC0-301F-11D3-BF4B-00C04F79EFBC}") = "SwitchCaseAdvanced", "SwitchCaseAdvanced\SwitchCaseAdvanced.csproj", "{B6102E70-7F0A-49A9-B742-3D38DB88FEA9}"
EndProject
Project("{FAE04EC0-301F-11D3-BF4B-00C04F79EFBC}") = "Expression", "Expression\Expression.csproj", "{B36B77B5-710D-4C57-84D6-D41A3F8C8E66}"
EndProject
Project("{FAE04EC0-301F-11D3-BF4B-00C04F79EFBC}") = "Reflection", "Reflection\Reflection.csproj", "{A49D326A-F629-4C99-B5E5-25DF2BA2F976}"
EndProject
Global
	GlobalSection(SolutionConfigurationPlatforms) = preSolution
		Debug|Any CPU = Debug|Any CPU
		Release|Any CPU = Release|Any CPU
	EndGlobalSection
	GlobalSection(ProjectConfigurationPlatforms) = postSolution
		{B6102E70-7F0A-49A9-B742-3D38DB88FEA9}.Debug|Any CPU.ActiveCfg = Debug|Any CPU
		{B6102E70-7F0A-49A9-B742-3D38DB88FEA9}.Debug|Any CPU.Build.0 = Debug|Any CPU
		{B6102E70-7F0A-49A9-B742-3D38DB88FEA9}.Release|Any CPU.ActiveCfg = Release|Any CPU
		{B6102E70-7F0A-49A9-B742-3D38DB88FEA9}.Release|Any CPU.Build.0 = Release|Any CPU
		{B36B77B5-710D-4C57-84D6-D41A3F8C8E66}.Debug|Any CPU.ActiveCfg = Debug|Any CPU
		{B36B77B5-710D-4C57-84D6-D41A3F8C8E66}.Debug|Any CPU.Build.0 = Debug|Any CPU
		{B36B77B5-710D-4C57-84D6-D41A3F8C8E66}.Release|Any CPU.ActiveCfg = Release|Any CPU
		{B36B77B5-710D-4C57-84D6-D41A3F8C8E66}.Release|Any CPU.Build.0 = Release|Any CPU
		{A49D326A-F629-4C99-B5E5-25DF2BA2F976}.Debug|Any CPU.ActiveCfg = Debug|Any CPU
		{A49D326A-F629-4C99-B5E5-25DF2BA2F976}.Debug|Any CPU.Build.0 = Debug|Any CPU
		{A49D326A-F629-4C99-B5E5-25DF2BA2F976}.Release|Any CPU.ActiveCfg = Release|Any CPU
		{A49D326A-F629-4C99-B5E5-25DF2BA2F976}.Release|Any CPU.Build.0 = Release|Any CPU
	EndGlobalSection
	GlobalSection(SolutionProperties) = preSolution
		HideSolutionNode = FALSE
	EndGlobalSection
EndGlobal
